
Microsoft Visual Studio Solution File, Format Version 12.00
# Visual Studio Version 16
VisualStudioVersion = 16.0.31624.102
MinimumVisualStudioVersion = 10.0.40219.1
Project("{FAE04EC0-301F-11D3-BF4B-00C04F79EFBC}") = "Domain", "Domain\Domain.csproj", "{A0FC904C-6FC8-46FB-BCE6-89781AF1D629}"
EndProject
Global
	GlobalSection(SolutionConfigurationPlatforms) = preSolution
		Debug|Any CPU = Debug|Any CPU
		Release|Any CPU = Release|Any CPU
	EndGlobalSection
	GlobalSection(ProjectConfigurationPlatforms) = postSolution
		{A0FC904C-6FC8-46FB-BCE6-89781AF1D629}.Debug|Any CPU.ActiveCfg = Debug|Any CPU
		{A0FC904C-6FC8-46FB-BCE6-89781AF1D629}.Debug|Any CPU.Build.0 = Debug|Any CPU
		{A0FC904C-6FC8-46FB-BCE6-89781AF1D629}.Release|Any CPU.ActiveCfg = Release|Any CPU
		{A0FC904C-6FC8-46FB-BCE6-89781AF1D629}.Release|Any CPU.Build.0 = Release|Any CPU
	EndGlobalSection
	GlobalSection(SolutionProperties) = preSolution
		HideSolutionNode = FALSE
	EndGlobalSection
	GlobalSection(ExtensibilityGlobals) = postSolution
		SolutionGuid = {18C9A5AA-7672-427C-93E6-B5C3D006A9D9}
	EndGlobalSection
EndGlobal
